
Microsoft Visual Studio Solution File, Format Version 12.00
# Visual Studio Version 16
VisualStudioVersion = 16.0.34301.259
MinimumVisualStudioVersion = 10.0.40219.1
Project("{FAE04EC0-301F-11D3-BF4B-00C04F79EFBC}") = "Adminodash", "Adminodash\Adminodash.csproj", "{73184D52-5E0F-441F-9537-F33DD13530EA}"
EndProject
Global
	GlobalSection(SolutionConfigurationPlatforms) = preSolution
		Debug|Any CPU = Debug|Any CPU
		Release|Any CPU = Release|Any CPU
	EndGlobalSection
	GlobalSection(ProjectConfigurationPlatforms) = postSolution
		{73184D52-5E0F-441F-9537-F33DD13530EA}.Debug|Any CPU.ActiveCfg = Debug|Any CPU
		{73184D52-5E0F-441F-9537-F33DD13530EA}.Debug|Any CPU.Build.0 = Debug|Any CPU
		{73184D52-5E0F-441F-9537-F33DD13530EA}.Release|Any CPU.ActiveCfg = Release|Any CPU
		{73184D52-5E0F-441F-9537-F33DD13530EA}.Release|Any CPU.Build.0 = Release|Any CPU
	EndGlobalSection
	GlobalSection(SolutionProperties) = preSolution
		HideSolutionNode = FALSE
	EndGlobalSection
	GlobalSection(ExtensibilityGlobals) = postSolution
		SolutionGuid = {AD2F65CA-20BE-449E-B399-03EB5E9C5377}
	EndGlobalSection
EndGlobal
